
Microsoft Visual Studio Solution File, Format Version 12.00
# Visual Studio 15
VisualStudioVersion = 15.0.28010.2048
MinimumVisualStudioVersion = 10.0.40219.1
Project("{FAE04EC0-301F-11D3-BF4B-00C04F79EFBC}") = "React", "React\React.csproj", "{D70F8BD1-DF65-453B-9EB4-8F05948AC2D4}"
EndProject
Global
	GlobalSection(SolutionConfigurationPlatforms) = preSolution
		Debug|Any CPU = Debug|Any CPU
		Release|Any CPU = Release|Any CPU
	EndGlobalSection
	GlobalSection(ProjectConfigurationPlatforms) = postSolution
		{D70F8BD1-DF65-453B-9EB4-8F05948AC2D4}.Debug|Any CPU.ActiveCfg = Debug|Any CPU
		{D70F8BD1-DF65-453B-9EB4-8F05948AC2D4}.Debug|Any CPU.Build.0 = Debug|Any CPU
		{D70F8BD1-DF65-453B-9EB4-8F05948AC2D4}.Release|Any CPU.ActiveCfg = Release|Any CPU
		{D70F8BD1-DF65-453B-9EB4-8F05948AC2D4}.Release|Any CPU.Build.0 = Release|Any CPU
	EndGlobalSection
	GlobalSection(SolutionProperties) = preSolution
		HideSolutionNode = FALSE
	EndGlobalSection
	GlobalSection(ExtensibilityGlobals) = postSolution
		SolutionGuid = {CA43EADC-758B-4E6B-8F0D-9E6BAE0381AF}
	EndGlobalSection
EndGlobal
